// !$*UTF8*$!
{
	archiveVersion = 1;
	classes = {
	};
	objectVersion = 77;
	objects = {

/* Begin PBXContainerItemProxy section */
		D7040DB42E123DB700860243 /* PBXContainerItemProxy */ = {
			isa = PBXContainerItemProxy;
			containerPortal = D7040D9B2E123DB400860243 /* Project object */;
			proxyType = 1;
			remoteGlobalIDString = D7040DA22E123DB500860243;
			remoteInfo = Melpik_ios;
		};
		D7040DBE2E123DB700860243 /* PBXContainerItemProxy */ = {
			isa = PBXContainerItemProxy;
			containerPortal = D7040D9B2E123DB400860243 /* Project object */;
			proxyType = 1;
			remoteGlobalIDString = D7040DA22E123DB500860243;
			remoteInfo = Melpik_ios;
		};
/* End PBXContainerItemProxy section */

/* Begin PBXFileReference section */
		D7040DA32E123DB500860243 /* Melpik.app */ = {isa = PBXFileReference; explicitFileType = wrapper.application; includeInIndex = 0; path = Melpik.app; sourceTree = BUILT_PRODUCTS_DIR; };
		D7040DB32E123DB700860243 /* Melpik_iosTests.xctest */ = {isa = PBXFileReference; explicitFileType = wrapper.cfbundle; includeInIndex = 0; path = Melpik_iosTests.xctest; sourceTree = BUILT_PRODUCTS_DIR; };
		D7040DBD2E123DB700860243 /* Melpik_iosUITests.xctest */ = {isa = PBXFileReference; explicitFileType = wrapper.cfbundle; includeInIndex = 0; path = Melpik_iosUITests.xctest; sourceTree = BUILT_PRODUCTS_DIR; };
/* End PBXFileReference section */

/* Begin PBXFileSystemSynchronizedRootGroup section */
		D7040DA52E123DB500860243 /* Melpik_ios */ = {
			isa = PBXFileSystemSynchronizedRootGroup;
			path = Melpik_ios;
			sourceTree = "<group>";
		};
		D7040DB62E123DB700860243 /* Melpik_iosTests */ = {
			isa = PBXFileSystemSynchronizedRootGroup;
			path = Melpik_iosTests;
			sourceTree = "<group>";
		};
		D7040DC02E123DB700860243 /* Melpik_iosUITests */ = {
			isa = PBXFileSystemSynchronizedRootGroup;
			path = Melpik_iosUITests;
			sourceTree = "<group>";
		};
/* End PBXFileSystemSynchronizedRootGroup section */

/* Begin PBXFrameworksBuildPhase section */
		D7040DA02E123DB500860243 /* Frameworks */ = {
			isa = PBXFrameworksBuildPhase;
			buildActionMask = 2147483647;
			files = (
			);
			runOnlyForDeploymentPostprocessing = 0;
		};
		D7040DB02E123DB700860243 /* Frameworks */ = {
			isa = PBXFrameworksBuildPhase;
			buildActionMask = 2147483647;
			files = (
			);
			runOnlyForDeploymentPostprocessing = 0;
		};
		D7040DBA2E123DB700860243 /* Frameworks */ = {
			isa = PBXFrameworksBuildPhase;
			buildActionMask = 2147483647;
			files = (
			);
			runOnlyForDeploymentPostprocessing = 0;
		};
/* End PBXFrameworksBuildPhase section */

/* Begin PBXGroup section */
		D7040D9A2E123DB400860243 = {
			isa = PBXGroup;
			children = (
				D7040DA52E123DB500860243 /* Melpik_ios */,
				D7040DB62E123DB700860243 /* Melpik_iosTests */,
				D7040DC02E123DB700860243 /* Melpik_iosUITests */,
				D7040DA42E123DB500860243 /* Products */,
			);
			sourceTree = "<group>";
		};
		D7040DA42E123DB500860243 /* Products */ = {
			isa = PBXGroup;
			children = (
				D7040DA32E123DB500860243 /* Melpik.app */,
				D7040DB32E123DB700860243 /* Melpik_iosTests.xctest */,
				D7040DBD2E123DB700860243 /* Melpik_iosUITests.xctest */,
			);
			name = Products;
			sourceTree = "<group>";
		};
/* End PBXGroup section */

/* Begin PBXNativeTarget section */
		D7040DA22E123DB500860243 /* Melpik_ios */ = {
			isa = PBXNativeTarget;
			buildConfigurationList = D7040DC72E123DB700860243 /* Build configuration list for PBXNativeTarget "Melpik_ios" */;
			buildPhases = (
				D7040D9F2E123DB500860243 /* Sources */,
				D7040DA02E123DB500860243 /* Frameworks */,
				D7040DA12E123DB500860243 /* Resources */,
			);
			buildRules = (
			);
			dependencies = (
			);
			fileSystemSynchronizedGroups = (
				D7040DA52E123DB500860243 /* Melpik_ios */,
			);
			name = Melpik_ios;
			packageProductDependencies = (
			);
			productName = Melpik_ios;
			productReference = D7040DA32E123DB500860243 /* Melpik.app */;
			productType = "com.apple.product-type.application";
		};
		D7040DB22E123DB700860243 /* Melpik_iosTests */ = {
			isa = PBXNativeTarget;
			buildConfigurationList = D7040DCA2E123DB700860243 /* Build configuration list for PBXNativeTarget "Melpik_iosTests" */;
			buildPhases = (
				D7040DAF2E123DB700860243 /* Sources */,
				D7040DB02E123DB700860243 /* Frameworks */,
				D7040DB12E123DB700860243 /* Resources */,
			);
			buildRules = (
			);
			dependencies = (
				D7040DB52E123DB700860243 /* PBXTargetDependency */,
			);
			fileSystemSynchronizedGroups = (
				D7040DB62E123DB700860243 /* Melpik_iosTests */,
			);
			name = Melpik_iosTests;
			packageProductDependencies = (
			);
			productName = Melpik_iosTests;
			productReference = D7040DB32E123DB700860243 /* Melpik_iosTests.xctest */;
			productType = "com.apple.product-type.bundle.unit-test";
		};
		D7040DBC2E123DB700860243 /* Melpik_iosUITests */ = {
			isa = PBXNativeTarget;
			buildConfigurationList = D7040DCD2E123DB700860243 /* Build configuration list for PBXNativeTarget "Melpik_iosUITests" */;
			buildPhases = (
				D7040DB92E123DB700860243 /* Sources */,
				D7040DBA2E123DB700860243 /* Frameworks */,
				D7040DBB2E123DB700860243 /* Resources */,
			);
			buildRules = (
			);
			dependencies = (
				D7040DBF2E123DB700860243 /* PBXTargetDependency */,
			);
			fileSystemSynchronizedGroups = (
				D7040DC02E123DB700860243 /* Melpik_iosUITests */,
			);
			name = Melpik_iosUITests;
			packageProductDependencies = (
			);
			productName = Melpik_iosUITests;
			productReference = D7040DBD2E123DB700860243 /* Melpik_iosUITests.xctest */;
			productType = "com.apple.product-type.bundle.ui-testing";
		};
/* End PBXNativeTarget section */

/* Begin PBXProject section */
		D7040D9B2E123DB400860243 /* Project object */ = {
			isa = PBXProject;
			attributes = {
				BuildIndependentTargetsInParallel = 1;
				LastSwiftUpdateCheck = 1600;
				LastUpgradeCheck = 1600;
				TargetAttributes = {
					D7040DA22E123DB500860243 = {
						CreatedOnToolsVersion = 16.0;
					};
					D7040DB22E123DB700860243 = {
						CreatedOnToolsVersion = 16.0;
						TestTargetID = D7040DA22E123DB500860243;
					};
					D7040DBC2E123DB700860243 = {
						CreatedOnToolsVersion = 16.0;
						TestTargetID = D7040DA22E123DB500860243;
					};
				};
			};
			buildConfigurationList = D7040D9E2E123DB400860243 /* Build configuration list for PBXProject "Melpik_ios" */;
			developmentRegion = en;
			hasScannedForEncodings = 0;
			knownRegions = (
				en,
				Base,
			);
			mainGroup = D7040D9A2E123DB400860243;
			minimizedProjectReferenceProxies = 1;
			preferredProjectObjectVersion = 77;
			productRefGroup = D7040DA42E123DB500860243 /* Products */;
			projectDirPath = "";
			projectRoot = "";
			targets = (
				D7040DA22E123DB500860243 /* Melpik_ios */,
				D7040DB22E123DB700860243 /* Melpik_iosTests */,
				D7040DBC2E123DB700860243 /* Melpik_iosUITests */,
			);
		};
/* End PBXProject section */

/* Begin PBXResourcesBuildPhase section */
		D7040DA12E123DB500860243 /* Resources */ = {
			isa = PBXResourcesBuildPhase;
			buildActionMask = 2147483647;
			files = (
			);
			runOnlyForDeploymentPostprocessing = 0;
		};
		D7040DB12E123DB700860243 /* Resources */ = {
			isa = PBXResourcesBuildPhase;
			buildActionMask = 2147483647;
			files = (
			);
			runOnlyForDeploymentPostprocessing = 0;
		};
		D7040DBB2E123DB700860243 /* Resources */ = {
			isa = PBXResourcesBuildPhase;
			buildActionMask = 2147483647;
			files = (
			);
			runOnlyForDeploymentPostprocessing = 0;
		};
/* End PBXResourcesBuildPhase section */

/* Begin PBXSourcesBuildPhase section */
		D7040D9F2E123DB500860243 /* Sources */ = {
			isa = PBXSourcesBuildPhase;
			buildActionMask = 2147483647;
			files = (
			);
			runOnlyForDeploymentPostprocessing = 0;
		};
		D7040DAF2E123DB700860243 /* Sources */ = {
			isa = PBXSourcesBuildPhase;
			buildActionMask = 2147483647;
			files = (
			);
			runOnlyForDeploymentPostprocessing = 0;
		};
		D7040DB92E123DB700860243 /* Sources */ = {
			isa = PBXSourcesBuildPhase;
			buildActionMask = 2147483647;
			files = (
			);
			runOnlyForDeploymentPostprocessing = 0;
		};
/* End PBXSourcesBuildPhase section */

/* Begin PBXTargetDependency section */
		D7040DB52E123DB700860243 /* PBXTargetDependency */ = {
			isa = PBXTargetDependency;
			target = D7040DA22E123DB500860243 /* Melpik_ios */;
			targetProxy = D7040DB42E123DB700860243 /* PBXContainerItemProxy */;
		};
		D7040DBF2E123DB700860243 /* PBXTargetDependency */ = {
			isa = PBXTargetDependency;
			target = D7040DA22E123DB500860243 /* Melpik_ios */;
			targetProxy = D7040DBE2E123DB700860243 /* PBXContainerItemProxy */;
		};
/* End PBXTargetDependency section */

/* Begin XCBuildConfiguration section */
		D7040DC52E123DB700860243 /* Debug */ = {
			isa = XCBuildConfiguration;
			buildSettings = {
				ALWAYS_SEARCH_USER_PATHS = NO;
				ASSETCATALOG_COMPILER_GENERATE_SWIFT_ASSET_SYMBOL_EXTENSIONS = YES;
				CLANG_ANALYZER_NONNULL = YES;
				CLANG_ANALYZER_NUMBER_OBJECT_CONVERSION = YES_AGGRESSIVE;
				CLANG_CXX_LANGUAGE_STANDARD = "gnu++20";
				CLANG_ENABLE_MODULES = YES;
				CLANG_ENABLE_OBJC_ARC = YES;
				CLANG_ENABLE_OBJC_WEAK = YES;
				CLANG_WARN_BLOCK_CAPTURE_AUTORELEASING = YES;
				CLANG_WARN_BOOL_CONVERSION = YES;
				CLANG_WARN_COMMA = YES;
				CLANG_WARN_CONSTANT_CONVERSION = YES;
				CLANG_WARN_DEPRECATED_OBJC_IMPLEMENTATIONS = YES;
				CLANG_WARN_DIRECT_OBJC_ISA_USAGE = YES_ERROR;
				CLANG_WARN_DOCUMENTATION_COMMENTS = YES;
				CLANG_WARN_EMPTY_BODY = YES;
				CLANG_WARN_ENUM_CONVERSION = YES;
				CLANG_WARN_INFINITE_RECURSION = YES;
				CLANG_WARN_INT_CONVERSION = YES;
				CLANG_WARN_NON_LITERAL_NULL_CONVERSION = YES;
				CLANG_WARN_OBJC_IMPLICIT_RETAIN_SELF = YES;
				CLANG_WARN_OBJC_LITERAL_CONVERSION = YES;
				CLANG_WARN_OBJC_ROOT_CLASS = YES_ERROR;
				CLANG_WARN_QUOTED_INCLUDE_IN_FRAMEWORK_HEADER = YES;
				CLANG_WARN_RANGE_LOOP_ANALYSIS = YES;
				CLANG_WARN_STRICT_PROTOTYPES = YES;
				CLANG_WARN_SUSPICIOUS_MOVE = YES;
				CLANG_WARN_UNGUARDED_AVAILABILITY = YES_AGGRESSIVE;
				CLANG_WARN_UNREACHABLE_CODE = YES;
				CLANG_WARN__DUPLICATE_METHOD_MATCH = YES;
				COPY_PHASE_STRIP = NO;
				DEBUG_INFORMATION_FORMAT = dwarf;
				ENABLE_STRICT_OBJC_MSGSEND = YES;
				ENABLE_TESTABILITY = YES;
				ENABLE_USER_SCRIPT_SANDBOXING = YES;
				GCC_C_LANGUAGE_STANDARD = gnu17;
				GCC_DYNAMIC_NO_PIC = NO;
				GCC_NO_COMMON_BLOCKS = YES;
				GCC_OPTIMIZATION_LEVEL = 0;
				GCC_PREPROCESSOR_DEFINITIONS = (
					"DEBUG=1",
					"$(inherited)",
				);
				GCC_WARN_64_TO_32_BIT_CONVERSION = YES;
				GCC_WARN_ABOUT_RETURN_TYPE = YES_ERROR;
				GCC_WARN_UNDECLARED_SELECTOR = YES;
				GCC_WARN_UNINITIALIZED_AUTOS = YES_AGGRESSIVE;
				GCC_WARN_UNUSED_FUNCTION = YES;
				GCC_WARN_UNUSED_VARIABLE = YES;
				IPHONEOS_DEPLOYMENT_TARGET = 18.0;
				LOCALIZATION_PREFERS_STRING_CATALOGS = YES;
				MTL_ENABLE_DEBUG_INFO = INCLUDE_SOURCE;
				MTL_FAST_MATH = YES;
				ONLY_ACTIVE_ARCH = YES;
				SDKROOT = iphoneos;
				SWIFT_ACTIVE_COMPILATION_CONDITIONS = "DEBUG $(inherited)";
				SWIFT_OPTIMIZATION_LEVEL = "-Onone";
			};
			name = Debug;
		};
		D7040DC62E123DB700860243 /* Release */ = {
			isa = XCBuildConfiguration;
			buildSettings = {
				ALWAYS_SEARCH_USER_PATHS = NO;
				ASSETCATALOG_COMPILER_GENERATE_SWIFT_ASSET_SYMBOL_EXTENSIONS = YES;
				CLANG_ANALYZER_NONNULL = YES;
				CLANG_ANALYZER_NUMBER_OBJECT_CONVERSION = YES_AGGRESSIVE;
				CLANG_CXX_LANGUAGE_STANDARD = "gnu++20";
				CLANG_ENABLE_MODULES = YES;
				CLANG_ENABLE_OBJC_ARC = YES;
				CLANG_ENABLE_OBJC_WEAK = YES;
				CLANG_WARN_BLOCK_CAPTURE_AUTORELEASING = YES;
				CLANG_WARN_BOOL_CONVERSION = YES;
				CLANG_WARN_COMMA = YES;
				CLANG_WARN_CONSTANT_CONVERSION = YES;
				CLANG_WARN_DEPRECATED_OBJC_IMPLEMENTATIONS = YES;
				CLANG_WARN_DIRECT_OBJC_ISA_USAGE = YES_ERROR;
				CLANG_WARN_DOCUMENTATION_COMMENTS = YES;
				CLANG_WARN_EMPTY_BODY = YES;
				CLANG_WARN_ENUM_CONVERSION = YES;
				CLANG_WARN_INFINITE_RECURSION = YES;
				CLANG_WARN_INT_CONVERSION = YES;
				CLANG_WARN_NON_LITERAL_NULL_CONVERSION = YES;
				CLANG_WARN_OBJC_IMPLICIT_RETAIN_SELF = YES;
				CLANG_WARN_OBJC_LITERAL_CONVERSION = YES;
				CLANG_WARN_OBJC_ROOT_CLASS = YES_ERROR;
				CLANG_WARN_QUOTED_INCLUDE_IN_FRAMEWORK_HEADER = YES;
				CLANG_WARN_RANGE_LOOP_ANALYSIS = YES;
				CLANG_WARN_STRICT_PROTOTYPES = YES;
				CLANG_WARN_SUSPICIOUS_MOVE = YES;
				CLANG_WARN_UNGUARDED_AVAILABILITY = YES_AGGRESSIVE;
				CLANG_WARN_UNREACHABLE_CODE = YES;
				CLANG_WARN__DUPLICATE_METHOD_MATCH = YES;
				COPY_PHASE_STRIP = NO;
				DEBUG_INFORMATION_FORMAT = "dwarf-with-dsym";
				ENABLE_NS_ASSERTIONS = NO;
				ENABLE_STRICT_OBJC_MSGSEND = YES;
				ENABLE_USER_SCRIPT_SANDBOXING = YES;
				GCC_C_LANGUAGE_STANDARD = gnu17;
				GCC_NO_COMMON_BLOCKS = YES;
				GCC_WARN_64_TO_32_BIT_CONVERSION = YES;
				GCC_WARN_ABOUT_RETURN_TYPE = YES_ERROR;
				GCC_WARN_UNDECLARED_SELECTOR = YES;
				GCC_WARN_UNINITIALIZED_AUTOS = YES_AGGRESSIVE;
				GCC_WARN_UNUSED_FUNCTION = YES;
				GCC_WARN_UNUSED_VARIABLE = YES;
				IPHONEOS_DEPLOYMENT_TARGET = 18.0;
				LOCALIZATION_PREFERS_STRING_CATALOGS = YES;
				MTL_ENABLE_DEBUG_INFO = NO;
				MTL_FAST_MATH = YES;
				SDKROOT = iphoneos;
				SWIFT_COMPILATION_MODE = wholemodule;
				VALIDATE_PRODUCT = YES;
			};
			name = Release;
		};
		D7040DC82E123DB700860243 /* Debug */ = {
			isa = XCBuildConfiguration;
			buildSettings = {
				ASSETCATALOG_COMPILER_APPICON_NAME = AppIcon;
				ASSETCATALOG_COMPILER_GLOBAL_ACCENT_COLOR_NAME = AccentColor;
				CODE_SIGN_STYLE = Automatic;
				CURRENT_PROJECT_VERSION = 1.0.9;
				DEVELOPMENT_ASSET_PATHS = "\"Melpik_ios/Preview Content\"";
				DEVELOPMENT_TEAM = VFU22GCDDB;
				ENABLE_PREVIEWS = YES;
				GENERATE_INFOPLIST_FILE = YES;
				INFOPLIST_KEY_NSAppTransportSecurity_NSAllowsArbitraryLoads = YES;
				INFOPLIST_KEY_NSAppTransportSecurity_NSExceptionDomains_me1pik_com_NSExceptionAllowsInsecureHTTPLoads = YES;
				INFOPLIST_KEY_NSAppTransportSecurity_NSExceptionDomains_me1pik_com_NSExceptionMinimumTLSVersion = 1.0;
				INFOPLIST_KEY_NSAppTransportSecurity_NSExceptionDomains_me1pik_com_NSIncludesSubdomains = YES;
				INFOPLIST_KEY_UIApplicationSceneManifest_Generation = YES;
				INFOPLIST_KEY_UIApplicationSupportsIndirectInputEvents = YES;
				INFOPLIST_KEY_UILaunchScreen_Generation = YES;
				INFOPLIST_KEY_UISupportedInterfaceOrientations_iPad = "UIInterfaceOrientationPortrait UIInterfaceOrientationPortraitUpsideDown UIInterfaceOrientationLandscapeLeft UIInterfaceOrientationLandscapeRight";
				INFOPLIST_KEY_UISupportedInterfaceOrientations_iPhone = "UIInterfaceOrientationPortrait UIInterfaceOrientationLandscapeLeft UIInterfaceOrientationLandscapeRight";
				LD_RUNPATH_SEARCH_PATHS = (
					"$(inherited)",
					"@executable_path/Frameworks",
				);
				MARKETING_VERSION = 1.0.9;
				PRODUCT_BUNDLE_IDENTIFIER = com.melpik.hybrid;
				PRODUCT_NAME = Melpik;
				SWIFT_EMIT_LOC_STRINGS = YES;
				SWIFT_VERSION = 5.0;
				TARGETED_DEVICE_FAMILY = "1,2";
			};
			name = Debug;
		};
		D7040DC92E123DB700860243 /* Release */ = {
			isa = XCBuildConfiguration;
			buildSettings = {
				ASSETCATALOG_COMPILER_APPICON_NAME = AppIcon;
				ASSETCATALOG_COMPILER_GLOBAL_ACCENT_COLOR_NAME = AccentColor;
				CODE_SIGN_STYLE = Automatic;
				CURRENT_PROJECT_VERSION = 1.0.9;
				DEVELOPMENT_ASSET_PATHS = "\"Melpik_ios/Preview Content\"";
				DEVELOPMENT_TEAM = VFU22GCDDB;
				ENABLE_PREVIEWS = YES;
				GENERATE_INFOPLIST_FILE = YES;
				INFOPLIST_KEY_NSAppTransportSecurity_NSAllowsArbitraryLoads = YES;
				INFOPLIST_KEY_NSAppTransportSecurity_NSExceptionDomains_me1pik_com_NSExceptionAllowsInsecureHTTPLoads = YES;
				INFOPLIST_KEY_NSAppTransportSecurity_NSExceptionDomains_me1pik_com_NSExceptionMinimumTLSVersion = 1.0;
				INFOPLIST_KEY_NSAppTransportSecurity_NSExceptionDomains_me1pik_com_NSIncludesSubdomains = YES;
				INFOPLIST_KEY_UIApplicationSceneManifest_Generation = YES;
				INFOPLIST_KEY_UIApplicationSupportsIndirectInputEvents = YES;
				INFOPLIST_KEY_UILaunchScreen_Generation = YES;
				INFOPLIST_KEY_UISupportedInterfaceOrientations_iPad = "UIInterfaceOrientationPortrait UIInterfaceOrientationPortraitUpsideDown UIInterfaceOrientationLandscapeLeft UIInterfaceOrientationLandscapeRight";
				INFOPLIST_KEY_UISupportedInterfaceOrientations_iPhone = "UIInterfaceOrientationPortrait UIInterfaceOrientationLandscapeLeft UIInterfaceOrientationLandscapeRight";
				LD_RUNPATH_SEARCH_PATHS = (
					"$(inherited)",
					"@executable_path/Frameworks",
				);
				MARKETING_VERSION = 1.0.9;
				PRODUCT_BUNDLE_IDENTIFIER = com.melpik.hybrid;
				PRODUCT_NAME = Melpik;
				SWIFT_EMIT_LOC_STRINGS = YES;
				SWIFT_VERSION = 5.0;
				TARGETED_DEVICE_FAMILY = "1,2";
			};
			name = Release;
		};
		D7040DCB2E123DB700860243 /* Debug */ = {
			isa = XCBuildConfiguration;
			buildSettings = {
				BUNDLE_LOADER = "$(TEST_HOST)";
				CODE_SIGN_STYLE = Automatic;
				CURRENT_PROJECT_VERSION = 1;
				GENERATE_INFOPLIST_FILE = YES;
				IPHONEOS_DEPLOYMENT_TARGET = 18.0;
				MARKETING_VERSION = 1.0;
				PRODUCT_BUNDLE_IDENTIFIER = com.melpik.hybridTests;
				PRODUCT_NAME = "$(TARGET_NAME)";
				SWIFT_EMIT_LOC_STRINGS = NO;
				SWIFT_VERSION = 5.0;
				TARGETED_DEVICE_FAMILY = "1,2";
				TEST_HOST = "$(BUILT_PRODUCTS_DIR)/Melpik_ios.app/$(BUNDLE_EXECUTABLE_FOLDER_PATH)/Melpik_ios";
			};
			name = Debug;
		};
		D7040DCC2E123DB700860243 /* Release */ = {
			isa = XCBuildConfiguration;
			buildSettings = {
				BUNDLE_LOADER = "$(TEST_HOST)";
				CODE_SIGN_STYLE = Automatic;
				CURRENT_PROJECT_VERSION = 1;
				GENERATE_INFOPLIST_FILE = YES;
				IPHONEOS_DEPLOYMENT_TARGET = 18.0;
				MARKETING_VERSION = 1.0;
				PRODUCT_BUNDLE_IDENTIFIER = com.melpik.hybridTests;
				PRODUCT_NAME = "$(TARGET_NAME)";
				SWIFT_EMIT_LOC_STRINGS = NO;
				SWIFT_VERSION = 5.0;
				TARGETED_DEVICE_FAMILY = "1,2";
				TEST_HOST = "$(BUILT_PRODUCTS_DIR)/Melpik_ios.app/$(BUNDLE_EXECUTABLE_FOLDER_PATH)/Melpik_ios";
			};
			name = Release;
		};
		D7040DCE2E123DB700860243 /* Debug */ = {
			isa = XCBuildConfiguration;
			buildSettings = {
				CODE_SIGN_STYLE = Automatic;
				CURRENT_PROJECT_VERSION = 1;
				GENERATE_INFOPLIST_FILE = YES;
				MARKETING_VERSION = 1.0;
				PRODUCT_BUNDLE_IDENTIFIER = "TestHybrid.Melpik-iosUITests";
				PRODUCT_NAME = "$(TARGET_NAME)";
				SWIFT_EMIT_LOC_STRINGS = NO;
				SWIFT_VERSION = 5.0;
				TARGETED_DEVICE_FAMILY = "1,2";
				TEST_TARGET_NAME = Melpik_ios;
			};
			name = Debug;
		};
		D7040DCF2E123DB700860243 /* Release */ = {
			isa = XCBuildConfiguration;
			buildSettings = {
				CODE_SIGN_STYLE = Automatic;
				CURRENT_PROJECT_VERSION = 1;
				GENERATE_INFOPLIST_FILE = YES;
				MARKETING_VERSION = 1.0;
				PRODUCT_BUNDLE_IDENTIFIER = "TestHybrid.Melpik-iosUITests";
				PRODUCT_NAME = "$(TARGET_NAME)";
				SWIFT_EMIT_LOC_STRINGS = NO;
				SWIFT_VERSION = 5.0;
				TARGETED_DEVICE_FAMILY = "1,2";
				TEST_TARGET_NAME = Melpik_ios;
			};
			name = Release;
		};
/* End XCBuildConfiguration section */

/* Begin XCConfigurationList section */
		D7040D9E2E123DB400860243 /* Build configuration list for PBXProject "Melpik_ios" */ = {
			isa = XCConfigurationList;
			buildConfigurations = (
				D7040DC52E123DB700860243 /* Debug */,
				D7040DC62E123DB700860243 /* Release */,
			);
			defaultConfigurationIsVisible = 0;
			defaultConfigurationName = Release;
		};
		D7040DC72E123DB700860243 /* Build configuration list for PBXNativeTarget "Melpik_ios" */ = {
			isa = XCConfigurationList;
			buildConfigurations = (
				D7040DC82E123DB700860243 /* Debug */,
				D7040DC92E123DB700860243 /* Release */,
			);
			defaultConfigurationIsVisible = 0;
			defaultConfigurationName = Release;
		};
		D7040DCA2E123DB700860243 /* Build configuration list for PBXNativeTarget "Melpik_iosTests" */ = {
			isa = XCConfigurationList;
			buildConfigurations = (
				D7040DCB2E123DB700860243 /* Debug */,
				D7040DCC2E123DB700860243 /* Release */,
			);
			defaultConfigurationIsVisible = 0;
			defaultConfigurationName = Release;
		};
		D7040DCD2E123DB700860243 /* Build configuration list for PBXNativeTarget "Melpik_iosUITests" */ = {
			isa = XCConfigurationList;
			buildConfigurations = (
				D7040DCE2E123DB700860243 /* Debug */,
				D7040DCF2E123DB700860243 /* Release */,
			);
			defaultConfigurationIsVisible = 0;
			defaultConfigurationName = Release;
		};
/* End XCConfigurationList section */
	};
	rootObject = D7040D9B2E123DB400860243 /* Project object */;
}
